
Microsoft Visual Studio Solution File, Format Version 12.00
# Visual Studio 15
VisualStudioVersion = 15.0.26124.0
MinimumVisualStudioVersion = 15.0.26124.0
Project("{FAE04EC0-301F-11D3-BF4B-00C04F79EFBC}") = "CheckLinksConsole", "CheckLinksConsole\CheckLinksConsole.csproj", "{AEA995C8-3650-44E9-B405-2A73C6B1F092}"
EndProject
Project("{FAE04EC0-301F-11D3-BF4B-00C04F79EFBC}") = "CheckLinksTests", "CheckLinksTests\CheckLinksTests.csproj", "{74CE8926-D86F-479C-A964-F55989237888}"
EndProject
Global
	GlobalSection(SolutionConfigurationPlatforms) = preSolution
		Debug|Any CPU = Debug|Any CPU
		Debug|x64 = Debug|x64
		Debug|x86 = Debug|x86
		Release|Any CPU = Release|Any CPU
		Release|x64 = Release|x64
		Release|x86 = Release|x86
	EndGlobalSection
	GlobalSection(SolutionProperties) = preSolution
		HideSolutionNode = FALSE
	EndGlobalSection
	GlobalSection(ProjectConfigurationPlatforms) = postSolution
		{AEA995C8-3650-44E9-B405-2A73C6B1F092}.Debug|Any CPU.ActiveCfg = Debug|Any CPU
		{AEA995C8-3650-44E9-B405-2A73C6B1F092}.Debug|Any CPU.Build.0 = Debug|Any CPU
		{AEA995C8-3650-44E9-B405-2A73C6B1F092}.Debug|x64.ActiveCfg = Debug|Any CPU
		{AEA995C8-3650-44E9-B405-2A73C6B1F092}.Debug|x64.Build.0 = Debug|Any CPU
		{AEA995C8-3650-44E9-B405-2A73C6B1F092}.Debug|x86.ActiveCfg = Debug|Any CPU
		{AEA995C8-3650-44E9-B405-2A73C6B1F092}.Debug|x86.Build.0 = Debug|Any CPU
		{AEA995C8-3650-44E9-B405-2A73C6B1F092}.Release|Any CPU.ActiveCfg = Release|Any CPU
		{AEA995C8-3650-44E9-B405-2A73C6B1F092}.Release|Any CPU.Build.0 = Release|Any CPU
		{AEA995C8-3650-44E9-B405-2A73C6B1F092}.Release|x64.ActiveCfg = Release|Any CPU
		{AEA995C8-3650-44E9-B405-2A73C6B1F092}.Release|x64.Build.0 = Release|Any CPU
		{AEA995C8-3650-44E9-B405-2A73C6B1F092}.Release|x86.ActiveCfg = Release|Any CPU
		{AEA995C8-3650-44E9-B405-2A73C6B1F092}.Release|x86.Build.0 = Release|Any CPU
		{74CE8926-D86F-479C-A964-F55989237888}.Debug|Any CPU.ActiveCfg = Debug|Any CPU
		{74CE8926-D86F-479C-A964-F55989237888}.Debug|Any CPU.Build.0 = Debug|Any CPU
		{74CE8926-D86F-479C-A964-F55989237888}.Debug|x64.ActiveCfg = Debug|Any CPU
		{74CE8926-D86F-479C-A964-F55989237888}.Debug|x64.Build.0 = Debug|Any CPU
		{74CE8926-D86F-479C-A964-F55989237888}.Debug|x86.ActiveCfg = Debug|Any CPU
		{74CE8926-D86F-479C-A964-F55989237888}.Debug|x86.Build.0 = Debug|Any CPU
		{74CE8926-D86F-479C-A964-F55989237888}.Release|Any CPU.ActiveCfg = Release|Any CPU
		{74CE8926-D86F-479C-A964-F55989237888}.Release|Any CPU.Build.0 = Release|Any CPU
		{74CE8926-D86F-479C-A964-F55989237888}.Release|x64.ActiveCfg = Release|Any CPU
		{74CE8926-D86F-479C-A964-F55989237888}.Release|x64.Build.0 = Release|Any CPU
		{74CE8926-D86F-479C-A964-F55989237888}.Release|x86.ActiveCfg = Release|Any CPU
		{74CE8926-D86F-479C-A964-F55989237888}.Release|x86.Build.0 = Release|Any CPU
	EndGlobalSection
EndGlobal
